
Microsoft Visual Studio Solution File, Format Version 12.00
# Visual Studio Version 17
VisualStudioVersion = 17.1.32421.90
MinimumVisualStudioVersion = 10.0.40219.1
Project("{8BC9CEB8-8B4A-11D0-8D11-00A0C91BC942}") = "QtOpenCVOpenPic", "QtOpenCVOpenPic\QtOpenCVOpenPic.vcxproj", "{75C55FA5-A8E7-4D21-AD95-44F67AE7B6DA}"
EndProject
Global
	GlobalSection(SolutionConfigurationPlatforms) = preSolution
		Debug|x64 = Debug|x64
		Release|x64 = Release|x64
	EndGlobalSection
	GlobalSection(ProjectConfigurationPlatforms) = postSolution
		{75C55FA5-A8E7-4D21-AD95-44F67AE7B6DA}.Debug|x64.ActiveCfg = Debug|x64
		{75C55FA5-A8E7-4D21-AD95-44F67AE7B6DA}.Debug|x64.Build.0 = Debug|x64
		{75C55FA5-A8E7-4D21-AD95-44F67AE7B6DA}.Release|x64.ActiveCfg = Release|x64
		{75C55FA5-A8E7-4D21-AD95-44F67AE7B6DA}.Release|x64.Build.0 = Release|x64
	EndGlobalSection
	GlobalSection(SolutionProperties) = preSolution
		HideSolutionNode = FALSE
	EndGlobalSection
	GlobalSection(ExtensibilityGlobals) = postSolution
		SolutionGuid = {F42B0EC4-D1E3-462C-A8A0-72C7DA4D6FEA}
	EndGlobalSection
EndGlobal
